
Microsoft Visual Studio Solution File, Format Version 12.00
# Visual Studio 2012
Project("{FAE04EC0-301F-11D3-BF4B-00C04F79EFBC}") = "QuickStartXamarin", "QuickStartXamarin\QuickStartXamarin.csproj", "{17218BA2-4505-4365-AF17-C7221037CC7C}"
EndProject
Project("{FAE04EC0-301F-11D3-BF4B-00C04F79EFBC}") = "QuickStartXamarin.iOS", "iOS\QuickStartXamarin.iOS.csproj", "{258ECB2A-8E37-4854-BA2F-3878CECEF0D4}"
EndProject
Project("{FAE04EC0-301F-11D3-BF4B-00C04F79EFBC}") = "QuickStartXamarin.Droid", "Droid\QuickStartXamarin.Droid.csproj", "{70EA45EB-7FB3-4BC2-A64B-5519DA5B883E}"
EndProject
Project("{FAE04EC0-301F-11D3-BF4B-00C04F79EFBC}") = "Viewmodels.Tests", "Viewmodels.Tests\Viewmodels.Tests.csproj", "{7229745E-2781-43B1-8DD0-5E6E577FE322}"
EndProject
Global
	GlobalSection(SolutionConfigurationPlatforms) = preSolution
		Debug|Any CPU = Debug|Any CPU
		Release|Any CPU = Release|Any CPU
		Debug|iPhoneSimulator = Debug|iPhoneSimulator
		Release|iPhone = Release|iPhone
		Release|iPhoneSimulator = Release|iPhoneSimulator
		Debug|iPhone = Debug|iPhone
	EndGlobalSection
	GlobalSection(ProjectConfigurationPlatforms) = postSolution
		{17218BA2-4505-4365-AF17-C7221037CC7C}.Debug|Any CPU.ActiveCfg = Debug|Any CPU
		{17218BA2-4505-4365-AF17-C7221037CC7C}.Debug|Any CPU.Build.0 = Debug|Any CPU
		{17218BA2-4505-4365-AF17-C7221037CC7C}.Release|Any CPU.ActiveCfg = Release|Any CPU
		{17218BA2-4505-4365-AF17-C7221037CC7C}.Release|Any CPU.Build.0 = Release|Any CPU
		{17218BA2-4505-4365-AF17-C7221037CC7C}.Debug|iPhoneSimulator.ActiveCfg = Debug|Any CPU
		{17218BA2-4505-4365-AF17-C7221037CC7C}.Debug|iPhoneSimulator.Build.0 = Debug|Any CPU
		{17218BA2-4505-4365-AF17-C7221037CC7C}.Release|iPhone.ActiveCfg = Release|Any CPU
		{17218BA2-4505-4365-AF17-C7221037CC7C}.Release|iPhone.Build.0 = Release|Any CPU
		{17218BA2-4505-4365-AF17-C7221037CC7C}.Release|iPhoneSimulator.ActiveCfg = Release|Any CPU
		{17218BA2-4505-4365-AF17-C7221037CC7C}.Release|iPhoneSimulator.Build.0 = Release|Any CPU
		{17218BA2-4505-4365-AF17-C7221037CC7C}.Debug|iPhone.ActiveCfg = Debug|Any CPU
		{17218BA2-4505-4365-AF17-C7221037CC7C}.Debug|iPhone.Build.0 = Debug|Any CPU
		{258ECB2A-8E37-4854-BA2F-3878CECEF0D4}.Debug|Any CPU.ActiveCfg = Debug|iPhoneSimulator
		{258ECB2A-8E37-4854-BA2F-3878CECEF0D4}.Debug|Any CPU.Build.0 = Debug|iPhoneSimulator
		{258ECB2A-8E37-4854-BA2F-3878CECEF0D4}.Release|Any CPU.ActiveCfg = Release|iPhone
		{258ECB2A-8E37-4854-BA2F-3878CECEF0D4}.Release|Any CPU.Build.0 = Release|iPhone
		{258ECB2A-8E37-4854-BA2F-3878CECEF0D4}.Debug|iPhoneSimulator.ActiveCfg = Debug|iPhoneSimulator
		{258ECB2A-8E37-4854-BA2F-3878CECEF0D4}.Debug|iPhoneSimulator.Build.0 = Debug|iPhoneSimulator
		{258ECB2A-8E37-4854-BA2F-3878CECEF0D4}.Release|iPhone.ActiveCfg = Release|iPhone
		{258ECB2A-8E37-4854-BA2F-3878CECEF0D4}.Release|iPhone.Build.0 = Release|iPhone
		{258ECB2A-8E37-4854-BA2F-3878CECEF0D4}.Release|iPhoneSimulator.ActiveCfg = Release|iPhoneSimulator
		{258ECB2A-8E37-4854-BA2F-3878CECEF0D4}.Release|iPhoneSimulator.Build.0 = Release|iPhoneSimulator
		{258ECB2A-8E37-4854-BA2F-3878CECEF0D4}.Debug|iPhone.ActiveCfg = Debug|iPhone
		{258ECB2A-8E37-4854-BA2F-3878CECEF0D4}.Debug|iPhone.Build.0 = Debug|iPhone
		{70EA45EB-7FB3-4BC2-A64B-5519DA5B883E}.Debug|Any CPU.ActiveCfg = Debug|Any CPU
		{70EA45EB-7FB3-4BC2-A64B-5519DA5B883E}.Debug|Any CPU.Build.0 = Debug|Any CPU
		{70EA45EB-7FB3-4BC2-A64B-5519DA5B883E}.Release|Any CPU.ActiveCfg = Release|Any CPU
		{70EA45EB-7FB3-4BC2-A64B-5519DA5B883E}.Release|Any CPU.Build.0 = Release|Any CPU
		{70EA45EB-7FB3-4BC2-A64B-5519DA5B883E}.Debug|iPhoneSimulator.ActiveCfg = Debug|Any CPU
		{70EA45EB-7FB3-4BC2-A64B-5519DA5B883E}.Debug|iPhoneSimulator.Build.0 = Debug|Any CPU
		{70EA45EB-7FB3-4BC2-A64B-5519DA5B883E}.Release|iPhone.ActiveCfg = Release|Any CPU
		{70EA45EB-7FB3-4BC2-A64B-5519DA5B883E}.Release|iPhone.Build.0 = Release|Any CPU
		{70EA45EB-7FB3-4BC2-A64B-5519DA5B883E}.Release|iPhoneSimulator.ActiveCfg = Release|Any CPU
		{70EA45EB-7FB3-4BC2-A64B-5519DA5B883E}.Release|iPhoneSimulator.Build.0 = Release|Any CPU
		{70EA45EB-7FB3-4BC2-A64B-5519DA5B883E}.Debug|iPhone.ActiveCfg = Debug|Any CPU
		{70EA45EB-7FB3-4BC2-A64B-5519DA5B883E}.Debug|iPhone.Build.0 = Debug|Any CPU
		{7229745E-2781-43B1-8DD0-5E6E577FE322}.Debug|Any CPU.ActiveCfg = Debug|Any CPU
		{7229745E-2781-43B1-8DD0-5E6E577FE322}.Debug|Any CPU.Build.0 = Debug|Any CPU
		{7229745E-2781-43B1-8DD0-5E6E577FE322}.Release|Any CPU.ActiveCfg = Release|Any CPU
		{7229745E-2781-43B1-8DD0-5E6E577FE322}.Release|Any CPU.Build.0 = Release|Any CPU
		{7229745E-2781-43B1-8DD0-5E6E577FE322}.Debug|iPhoneSimulator.ActiveCfg = Debug|Any CPU
		{7229745E-2781-43B1-8DD0-5E6E577FE322}.Debug|iPhoneSimulator.Build.0 = Debug|Any CPU
		{7229745E-2781-43B1-8DD0-5E6E577FE322}.Release|iPhone.ActiveCfg = Release|Any CPU
		{7229745E-2781-43B1-8DD0-5E6E577FE322}.Release|iPhone.Build.0 = Release|Any CPU
		{7229745E-2781-43B1-8DD0-5E6E577FE322}.Release|iPhoneSimulator.ActiveCfg = Release|Any CPU
		{7229745E-2781-43B1-8DD0-5E6E577FE322}.Release|iPhoneSimulator.Build.0 = Release|Any CPU
		{7229745E-2781-43B1-8DD0-5E6E577FE322}.Debug|iPhone.ActiveCfg = Debug|Any CPU
		{7229745E-2781-43B1-8DD0-5E6E577FE322}.Debug|iPhone.Build.0 = Debug|Any CPU
	EndGlobalSection
EndGlobal
